// !$*UTF8*$!
{
	archiveVersion = 1;
	classes = {
	};
	objectVersion = 50;
	objects = {

/* Begin PBXBuildFile section */
		BA184CFC2570C2230007E8C6 /* AppDelegate.swift in Sources */ = {isa = PBXBuildFile; fileRef = BA184CFB2570C2230007E8C6 /* AppDelegate.swift */; };
		BA184CFE2570C2230007E8C6 /* SceneDelegate.swift in Sources */ = {isa = PBXBuildFile; fileRef = BA184CFD2570C2230007E8C6 /* SceneDelegate.swift */; };
		BA184D002570C2230007E8C6 /* ContentView.swift in Sources */ = {isa = PBXBuildFile; fileRef = BA184CFF2570C2230007E8C6 /* ContentView.swift */; };
		BA184D022570C2240007E8C6 /* Assets.xcassets in Resources */ = {isa = PBXBuildFile; fileRef = BA184D012570C2240007E8C6 /* Assets.xcassets */; };
		BA184D052570C2240007E8C6 /* Preview Assets.xcassets in Resources */ = {isa = PBXBuildFile; fileRef = BA184D042570C2240007E8C6 /* Preview Assets.xcassets */; };
		BA184D082570C2240007E8C6 /* LaunchScreen.storyboard in Resources */ = {isa = PBXBuildFile; fileRef = BA184D062570C2240007E8C6 /* LaunchScreen.storyboard */; };
		BA184D132570C2240007E8C6 /* Unsplash_The_KrakenTests.swift in Sources */ = {isa = PBXBuildFile; fileRef = BA184D122570C2240007E8C6 /* Unsplash_The_KrakenTests.swift */; };
		BA184D1E2570C2240007E8C6 /* Unsplash_The_KrakenUITests.swift in Sources */ = {isa = PBXBuildFile; fileRef = BA184D1D2570C2240007E8C6 /* Unsplash_The_KrakenUITests.swift */; };
/* End PBXBuildFile section */

/* Begin PBXContainerItemProxy section */
		BA184D0F2570C2240007E8C6 /* PBXContainerItemProxy */ = {
			isa = PBXContainerItemProxy;
			containerPortal = BA184CF02570C2230007E8C6 /* Project object */;
			proxyType = 1;
			remoteGlobalIDString = BA184CF72570C2230007E8C6;
			remoteInfo = "Unsplash The Kraken";
		};
		BA184D1A2570C2240007E8C6 /* PBXContainerItemProxy */ = {
			isa = PBXContainerItemProxy;
			containerPortal = BA184CF02570C2230007E8C6 /* Project object */;
			proxyType = 1;
			remoteGlobalIDString = BA184CF72570C2230007E8C6;
			remoteInfo = "Unsplash The Kraken";
		};
/* End PBXContainerItemProxy section */

/* Begin PBXFileReference section */
		BA184CF82570C2230007E8C6 /* Unsplash The Kraken.app */ = {isa = PBXFileReference; explicitFileType = wrapper.application; includeInIndex = 0; path = "Unsplash The Kraken.app"; sourceTree = BUILT_PRODUCTS_DIR; };
		BA184CFB2570C2230007E8C6 /* AppDelegate.swift */ = {isa = PBXFileReference; lastKnownFileType = sourcecode.swift; path = AppDelegate.swift; sourceTree = "<group>"; };
		BA184CFD2570C2230007E8C6 /* SceneDelegate.swift */ = {isa = PBXFileReference; lastKnownFileType = sourcecode.swift; path = SceneDelegate.swift; sourceTree = "<group>"; };
		BA184CFF2570C2230007E8C6 /* ContentView.swift */ = {isa = PBXFileReference; lastKnownFileType = sourcecode.swift; path = ContentView.swift; sourceTree = "<group>"; };
		BA184D012570C2240007E8C6 /* Assets.xcassets */ = {isa = PBXFileReference; lastKnownFileType = folder.assetcatalog; path = Assets.xcassets; sourceTree = "<group>"; };
		BA184D042570C2240007E8C6 /* Preview Assets.xcassets */ = {isa = PBXFileReference; lastKnownFileType = folder.assetcatalog; path = "Preview Assets.xcassets"; sourceTree = "<group>"; };
		BA184D072570C2240007E8C6 /* Base */ = {isa = PBXFileReference; lastKnownFileType = file.storyboard; name = Base; path = Base.lproj/LaunchScreen.storyboard; sourceTree = "<group>"; };
		BA184D092570C2240007E8C6 /* Info.plist */ = {isa = PBXFileReference; lastKnownFileType = text.plist.xml; path = Info.plist; sourceTree = "<group>"; };
		BA184D0E2570C2240007E8C6 /* Unsplash The KrakenTests.xctest */ = {isa = PBXFileReference; explicitFileType = wrapper.cfbundle; includeInIndex = 0; path = "Unsplash The KrakenTests.xctest"; sourceTree = BUILT_PRODUCTS_DIR; };
		BA184D122570C2240007E8C6 /* Unsplash_The_KrakenTests.swift */ = {isa = PBXFileReference; lastKnownFileType = sourcecode.swift; path = Unsplash_The_KrakenTests.swift; sourceTree = "<group>"; };
		BA184D142570C2240007E8C6 /* Info.plist */ = {isa = PBXFileReference; lastKnownFileType = text.plist.xml; path = Info.plist; sourceTree = "<group>"; };
		BA184D192570C2240007E8C6 /* Unsplash The KrakenUITests.xctest */ = {isa = PBXFileReference; explicitFileType = wrapper.cfbundle; includeInIndex = 0; path = "Unsplash The KrakenUITests.xctest"; sourceTree = BUILT_PRODUCTS_DIR; };
		BA184D1D2570C2240007E8C6 /* Unsplash_The_KrakenUITests.swift */ = {isa = PBXFileReference; lastKnownFileType = sourcecode.swift; path = Unsplash_The_KrakenUITests.swift; sourceTree = "<group>"; };
		BA184D1F2570C2240007E8C6 /* Info.plist */ = {isa = PBXFileReference; lastKnownFileType = text.plist.xml; path = Info.plist; sourceTree = "<group>"; };
/* End PBXFileReference section */

/* Begin PBXFrameworksBuildPhase section */
		BA184CF52570C2230007E8C6 /* Frameworks */ = {
			isa = PBXFrameworksBuildPhase;
			buildActionMask = 2147483647;
			files = (
			);
			runOnlyForDeploymentPostprocessing = 0;
		};
		BA184D0B2570C2240007E8C6 /* Frameworks */ = {
			isa = PBXFrameworksBuildPhase;
			buildActionMask = 2147483647;
			files = (
			);
			runOnlyForDeploymentPostprocessing = 0;
		};
		BA184D162570C2240007E8C6 /* Frameworks */ = {
			isa = PBXFrameworksBuildPhase;
			buildActionMask = 2147483647;
			files = (
			);
			runOnlyForDeploymentPostprocessing = 0;
		};
/* End PBXFrameworksBuildPhase section */

/* Begin PBXGroup section */
		BA184CEF2570C2230007E8C6 = {
			isa = PBXGroup;
			children = (
				BA184CFA2570C2230007E8C6 /* Unsplash The Kraken */,
				BA184D112570C2240007E8C6 /* Unsplash The KrakenTests */,
				BA184D1C2570C2240007E8C6 /* Unsplash The KrakenUITests */,
				BA184CF92570C2230007E8C6 /* Products */,
			);
			sourceTree = "<group>";
		};
		BA184CF92570C2230007E8C6 /* Products */ = {
			isa = PBXGroup;
			children = (
				BA184CF82570C2230007E8C6 /* Unsplash The Kraken.app */,
				BA184D0E2570C2240007E8C6 /* Unsplash The KrakenTests.xctest */,
				BA184D192570C2240007E8C6 /* Unsplash The KrakenUITests.xctest */,
			);
			name = Products;
			sourceTree = "<group>";
		};
		BA184CFA2570C2230007E8C6 /* Unsplash The Kraken */ = {
			isa = PBXGroup;
			children = (
				BA184CFB2570C2230007E8C6 /* AppDelegate.swift */,
				BA184CFD2570C2230007E8C6 /* SceneDelegate.swift */,
				BA184CFF2570C2230007E8C6 /* ContentView.swift */,
				BA184D012570C2240007E8C6 /* Assets.xcassets */,
				BA184D062570C2240007E8C6 /* LaunchScreen.storyboard */,
				BA184D092570C2240007E8C6 /* Info.plist */,
				BA184D032570C2240007E8C6 /* Preview Content */,
			);
			path = "Unsplash The Kraken";
			sourceTree = "<group>";
		};
		BA184D032570C2240007E8C6 /* Preview Content */ = {
			isa = PBXGroup;
			children = (
				BA184D042570C2240007E8C6 /* Preview Assets.xcassets */,
			);
			path = "Preview Content";
			sourceTree = "<group>";
		};
		BA184D112570C2240007E8C6 /* Unsplash The KrakenTests */ = {
			isa = PBXGroup;
			children = (
				BA184D122570C2240007E8C6 /* Unsplash_The_KrakenTests.swift */,
				BA184D142570C2240007E8C6 /* Info.plist */,
			);
			path = "Unsplash The KrakenTests";
			sourceTree = "<group>";
		};
		BA184D1C2570C2240007E8C6 /* Unsplash The KrakenUITests */ = {
			isa = PBXGroup;
			children = (
				BA184D1D2570C2240007E8C6 /* Unsplash_The_KrakenUITests.swift */,
				BA184D1F2570C2240007E8C6 /* Info.plist */,
			);
			path = "Unsplash The KrakenUITests";
			sourceTree = "<group>";
		};
/* End PBXGroup section */

/* Begin PBXNativeTarget section */
		BA184CF72570C2230007E8C6 /* Unsplash The Kraken */ = {
			isa = PBXNativeTarget;
			buildConfigurationList = BA184D222570C2240007E8C6 /* Build configuration list for PBXNativeTarget "Unsplash The Kraken" */;
			buildPhases = (
				BA184CF42570C2230007E8C6 /* Sources */,
				BA184CF52570C2230007E8C6 /* Frameworks */,
				BA184CF62570C2230007E8C6 /* Resources */,
			);
			buildRules = (
			);
			dependencies = (
			);
			name = "Unsplash The Kraken";
			productName = "Unsplash The Kraken";
			productReference = BA184CF82570C2230007E8C6 /* Unsplash The Kraken.app */;
			productType = "com.apple.product-type.application";
		};
		BA184D0D2570C2240007E8C6 /* Unsplash The KrakenTests */ = {
			isa = PBXNativeTarget;
			buildConfigurationList = BA184D252570C2240007E8C6 /* Build configuration list for PBXNativeTarget "Unsplash The KrakenTests" */;
			buildPhases = (
				BA184D0A2570C2240007E8C6 /* Sources */,
				BA184D0B2570C2240007E8C6 /* Frameworks */,
				BA184D0C2570C2240007E8C6 /* Resources */,
			);
			buildRules = (
			);
			dependencies = (
				BA184D102570C2240007E8C6 /* PBXTargetDependency */,
			);
			name = "Unsplash The KrakenTests";
			productName = "Unsplash The KrakenTests";
			productReference = BA184D0E2570C2240007E8C6 /* Unsplash The KrakenTests.xctest */;
			productType = "com.apple.product-type.bundle.unit-test";
		};
		BA184D182570C2240007E8C6 /* Unsplash The KrakenUITests */ = {
			isa = PBXNativeTarget;
			buildConfigurationList = BA184D282570C2240007E8C6 /* Build configuration list for PBXNativeTarget "Unsplash The KrakenUITests" */;
			buildPhases = (
				BA184D152570C2240007E8C6 /* Sources */,
				BA184D162570C2240007E8C6 /* Frameworks */,
				BA184D172570C2240007E8C6 /* Resources */,
			);
			buildRules = (
			);
			dependencies = (
				BA184D1B2570C2240007E8C6 /* PBXTargetDependency */,
			);
			name = "Unsplash The KrakenUITests";
			productName = "Unsplash The KrakenUITests";
			productReference = BA184D192570C2240007E8C6 /* Unsplash The KrakenUITests.xctest */;
			productType = "com.apple.product-type.bundle.ui-testing";
		};
/* End PBXNativeTarget section */

/* Begin PBXProject section */
		BA184CF02570C2230007E8C6 /* Project object */ = {
			isa = PBXProject;
			attributes = {
				LastSwiftUpdateCheck = 1220;
				LastUpgradeCheck = 1220;
				TargetAttributes = {
					BA184CF72570C2230007E8C6 = {
						CreatedOnToolsVersion = 12.2;
					};
					BA184D0D2570C2240007E8C6 = {
						CreatedOnToolsVersion = 12.2;
						TestTargetID = BA184CF72570C2230007E8C6;
					};
					BA184D182570C2240007E8C6 = {
						CreatedOnToolsVersion = 12.2;
						TestTargetID = BA184CF72570C2230007E8C6;
					};
				};
			};
			buildConfigurationList = BA184CF32570C2230007E8C6 /* Build configuration list for PBXProject "Unsplash The Kraken" */;
			compatibilityVersion = "Xcode 9.3";
			developmentRegion = en;
			hasScannedForEncodings = 0;
			knownRegions = (
				en,
				Base,
			);
			mainGroup = BA184CEF2570C2230007E8C6;
			productRefGroup = BA184CF92570C2230007E8C6 /* Products */;
			projectDirPath = "";
			projectRoot = "";
			targets = (
				BA184CF72570C2230007E8C6 /* Unsplash The Kraken */,
				BA184D0D2570C2240007E8C6 /* Unsplash The KrakenTests */,
				BA184D182570C2240007E8C6 /* Unsplash The KrakenUITests */,
			);
		};
/* End PBXProject section */

/* Begin PBXResourcesBuildPhase section */
		BA184CF62570C2230007E8C6 /* Resources */ = {
			isa = PBXResourcesBuildPhase;
			buildActionMask = 2147483647;
			files = (
				BA184D082570C2240007E8C6 /* LaunchScreen.storyboard in Resources */,
				BA184D052570C2240007E8C6 /* Preview Assets.xcassets in Resources */,
				BA184D022570C2240007E8C6 /* Assets.xcassets in Resources */,
			);
			runOnlyForDeploymentPostprocessing = 0;
		};
		BA184D0C2570C2240007E8C6 /* Resources */ = {
			isa = PBXResourcesBuildPhase;
			buildActionMask = 2147483647;
			files = (
			);
			runOnlyForDeploymentPostprocessing = 0;
		};
		BA184D172570C2240007E8C6 /* Resources */ = {
			isa = PBXResourcesBuildPhase;
			buildActionMask = 2147483647;
			files = (
			);
			runOnlyForDeploymentPostprocessing = 0;
		};
/* End PBXResourcesBuildPhase section */

/* Begin PBXSourcesBuildPhase section */
		BA184CF42570C2230007E8C6 /* Sources */ = {
			isa = PBXSourcesBuildPhase;
			buildActionMask = 2147483647;
			files = (
				BA184CFC2570C2230007E8C6 /* AppDelegate.swift in Sources */,
				BA184CFE2570C2230007E8C6 /* SceneDelegate.swift in Sources */,
				BA184D002570C2230007E8C6 /* ContentView.swift in Sources */,
			);
			runOnlyForDeploymentPostprocessing = 0;
		};
		BA184D0A2570C2240007E8C6 /* Sources */ = {
			isa = PBXSourcesBuildPhase;
			buildActionMask = 2147483647;
			files = (
				BA184D132570C2240007E8C6 /* Unsplash_The_KrakenTests.swift in Sources */,
			);
			runOnlyForDeploymentPostprocessing = 0;
		};
		BA184D152570C2240007E8C6 /* Sources */ = {
			isa = PBXSourcesBuildPhase;
			buildActionMask = 2147483647;
			files = (
				BA184D1E2570C2240007E8C6 /* Unsplash_The_KrakenUITests.swift in Sources */,
			);
			runOnlyForDeploymentPostprocessing = 0;
		};
/* End PBXSourcesBuildPhase section */

/* Begin PBXTargetDependency section */
		BA184D102570C2240007E8C6 /* PBXTargetDependency */ = {
			isa = PBXTargetDependency;
			target = BA184CF72570C2230007E8C6 /* Unsplash The Kraken */;
			targetProxy = BA184D0F2570C2240007E8C6 /* PBXContainerItemProxy */;
		};
		BA184D1B2570C2240007E8C6 /* PBXTargetDependency */ = {
			isa = PBXTargetDependency;
			target = BA184CF72570C2230007E8C6 /* Unsplash The Kraken */;
			targetProxy = BA184D1A2570C2240007E8C6 /* PBXContainerItemProxy */;
		};
/* End PBXTargetDependency section */

/* Begin PBXVariantGroup section */
		BA184D062570C2240007E8C6 /* LaunchScreen.storyboard */ = {
			isa = PBXVariantGroup;
			children = (
				BA184D072570C2240007E8C6 /* Base */,
			);
			name = LaunchScreen.storyboard;
			sourceTree = "<group>";
		};
/* End PBXVariantGroup section */

/* Begin XCBuildConfiguration section */
		BA184D202570C2240007E8C6 /* Debug */ = {
			isa = XCBuildConfiguration;
			buildSettings = {
				ALWAYS_SEARCH_USER_PATHS = NO;
				CLANG_ANALYZER_NONNULL = YES;
				CLANG_ANALYZER_NUMBER_OBJECT_CONVERSION = YES_AGGRESSIVE;
				CLANG_CXX_LANGUAGE_STANDARD = "gnu++14";
				CLANG_CXX_LIBRARY = "libc++";
				CLANG_ENABLE_MODULES = YES;
				CLANG_ENABLE_OBJC_ARC = YES;
				CLANG_ENABLE_OBJC_WEAK = YES;
				CLANG_WARN_BLOCK_CAPTURE_AUTORELEASING = YES;
				CLANG_WARN_BOOL_CONVERSION = YES;
				CLANG_WARN_COMMA = YES;
				CLANG_WARN_CONSTANT_CONVERSION = YES;
				CLANG_WARN_DEPRECATED_OBJC_IMPLEMENTATIONS = YES;
				CLANG_WARN_DIRECT_OBJC_ISA_USAGE = YES_ERROR;
				CLANG_WARN_DOCUMENTATION_COMMENTS = YES;
				CLANG_WARN_EMPTY_BODY = YES;
				CLANG_WARN_ENUM_CONVERSION = YES;
				CLANG_WARN_INFINITE_RECURSION = YES;
				CLANG_WARN_INT_CONVERSION = YES;
				CLANG_WARN_NON_LITERAL_NULL_CONVERSION = YES;
				CLANG_WARN_OBJC_IMPLICIT_RETAIN_SELF = YES;
				CLANG_WARN_OBJC_LITERAL_CONVERSION = YES;
				CLANG_WARN_OBJC_ROOT_CLASS = YES_ERROR;
				CLANG_WARN_QUOTED_INCLUDE_IN_FRAMEWORK_HEADER = YES;
				CLANG_WARN_RANGE_LOOP_ANALYSIS = YES;
				CLANG_WARN_STRICT_PROTOTYPES = YES;
				CLANG_WARN_SUSPICIOUS_MOVE = YES;
				CLANG_WARN_UNGUARDED_AVAILABILITY = YES_AGGRESSIVE;
				CLANG_WARN_UNREACHABLE_CODE = YES;
				CLANG_WARN__DUPLICATE_METHOD_MATCH = YES;
				COPY_PHASE_STRIP = NO;
				DEBUG_INFORMATION_FORMAT = dwarf;
				ENABLE_STRICT_OBJC_MSGSEND = YES;
				ENABLE_TESTABILITY = YES;
				GCC_C_LANGUAGE_STANDARD = gnu11;
				GCC_DYNAMIC_NO_PIC = NO;
				GCC_NO_COMMON_BLOCKS = YES;
				GCC_OPTIMIZATION_LEVEL = 0;
				GCC_PREPROCESSOR_DEFINITIONS = (
					"DEBUG=1",
					"$(inherited)",
				);
				GCC_WARN_64_TO_32_BIT_CONVERSION = YES;
				GCC_WARN_ABOUT_RETURN_TYPE = YES_ERROR;
				GCC_WARN_UNDECLARED_SELECTOR = YES;
				GCC_WARN_UNINITIALIZED_AUTOS = YES_AGGRESSIVE;
				GCC_WARN_UNUSED_FUNCTION = YES;
				GCC_WARN_UNUSED_VARIABLE = YES;
				IPHONEOS_DEPLOYMENT_TARGET = 14.2;
				MTL_ENABLE_DEBUG_INFO = INCLUDE_SOURCE;
				MTL_FAST_MATH = YES;
				ONLY_ACTIVE_ARCH = YES;
				SDKROOT = iphoneos;
				SWIFT_ACTIVE_COMPILATION_CONDITIONS = DEBUG;
				SWIFT_OPTIMIZATION_LEVEL = "-Onone";
			};
			name = Debug;
		};
		BA184D212570C2240007E8C6 /* Release */ = {
			isa = XCBuildConfiguration;
			buildSettings = {
				ALWAYS_SEARCH_USER_PATHS = NO;
				CLANG_ANALYZER_NONNULL = YES;
				CLANG_ANALYZER_NUMBER_OBJECT_CONVERSION = YES_AGGRESSIVE;
				CLANG_CXX_LANGUAGE_STANDARD = "gnu++14";
				CLANG_CXX_LIBRARY = "libc++";
				CLANG_ENABLE_MODULES = YES;
				CLANG_ENABLE_OBJC_ARC = YES;
				CLANG_ENABLE_OBJC_WEAK = YES;
				CLANG_WARN_BLOCK_CAPTURE_AUTORELEASING = YES;
				CLANG_WARN_BOOL_CONVERSION = YES;
				CLANG_WARN_COMMA = YES;
				CLANG_WARN_CONSTANT_CONVERSION = YES;
				CLANG_WARN_DEPRECATED_OBJC_IMPLEMENTATIONS = YES;
				CLANG_WARN_DIRECT_OBJC_ISA_USAGE = YES_ERROR;
				CLANG_WARN_DOCUMENTATION_COMMENTS = YES;
				CLANG_WARN_EMPTY_BODY = YES;
				CLANG_WARN_ENUM_CONVERSION = YES;
				CLANG_WARN_INFINITE_RECURSION = YES;
				CLANG_WARN_INT_CONVERSION = YES;
				CLANG_WARN_NON_LITERAL_NULL_CONVERSION = YES;
				CLANG_WARN_OBJC_IMPLICIT_RETAIN_SELF = YES;
				CLANG_WARN_OBJC_LITERAL_CONVERSION = YES;
				CLANG_WARN_OBJC_ROOT_CLASS = YES_ERROR;
				CLANG_WARN_QUOTED_INCLUDE_IN_FRAMEWORK_HEADER = YES;
				CLANG_WARN_RANGE_LOOP_ANALYSIS = YES;
				CLANG_WARN_STRICT_PROTOTYPES = YES;
				CLANG_WARN_SUSPICIOUS_MOVE = YES;
				CLANG_WARN_UNGUARDED_AVAILABILITY = YES_AGGRESSIVE;
				CLANG_WARN_UNREACHABLE_CODE = YES;
				CLANG_WARN__DUPLICATE_METHOD_MATCH = YES;
				COPY_PHASE_STRIP = NO;
				DEBUG_INFORMATION_FORMAT = "dwarf-with-dsym";
				ENABLE_NS_ASSERTIONS = NO;
				ENABLE_STRICT_OBJC_MSGSEND = YES;
				GCC_C_LANGUAGE_STANDARD = gnu11;
				GCC_NO_COMMON_BLOCKS = YES;
				GCC_WARN_64_TO_32_BIT_CONVERSION = YES;
				GCC_WARN_ABOUT_RETURN_TYPE = YES_ERROR;
				GCC_WARN_UNDECLARED_SELECTOR = YES;
				GCC_WARN_UNINITIALIZED_AUTOS = YES_AGGRESSIVE;
				GCC_WARN_UNUSED_FUNCTION = YES;
				GCC_WARN_UNUSED_VARIABLE = YES;
				IPHONEOS_DEPLOYMENT_TARGET = 14.2;
				MTL_ENABLE_DEBUG_INFO = NO;
				MTL_FAST_MATH = YES;
				SDKROOT = iphoneos;
				SWIFT_COMPILATION_MODE = wholemodule;
				SWIFT_OPTIMIZATION_LEVEL = "-O";
				VALIDATE_PRODUCT = YES;
			};
			name = Release;
		};
		BA184D232570C2240007E8C6 /* Debug */ = {
			isa = XCBuildConfiguration;
			buildSettings = {
				ASSETCATALOG_COMPILER_APPICON_NAME = AppIcon;
				ASSETCATALOG_COMPILER_GLOBAL_ACCENT_COLOR_NAME = AccentColor;
				CODE_SIGN_STYLE = Automatic;
				DEVELOPMENT_ASSET_PATHS = "\"Unsplash The Kraken/Preview Content\"";
				DEVELOPMENT_TEAM = PWC92C5B75;
				ENABLE_PREVIEWS = YES;
				INFOPLIST_FILE = "Unsplash The Kraken/Info.plist";
				LD_RUNPATH_SEARCH_PATHS = (
					"$(inherited)",
					"@executable_path/Frameworks",
				);
				PRODUCT_BUNDLE_IDENTIFIER = "com.gilangsinawang.Unsplash-The-Kraken";
				PRODUCT_NAME = "$(TARGET_NAME)";
				SWIFT_VERSION = 5.0;
				TARGETED_DEVICE_FAMILY = "1,2";
			};
			name = Debug;
		};
		BA184D242570C2240007E8C6 /* Release */ = {
			isa = XCBuildConfiguration;
			buildSettings = {
				ASSETCATALOG_COMPILER_APPICON_NAME = AppIcon;
				ASSETCATALOG_COMPILER_GLOBAL_ACCENT_COLOR_NAME = AccentColor;
				CODE_SIGN_STYLE = Automatic;
				DEVELOPMENT_ASSET_PATHS = "\"Unsplash The Kraken/Preview Content\"";
				DEVELOPMENT_TEAM = PWC92C5B75;
				ENABLE_PREVIEWS = YES;
				INFOPLIST_FILE = "Unsplash The Kraken/Info.plist";
				LD_RUNPATH_SEARCH_PATHS = (
					"$(inherited)",
					"@executable_path/Frameworks",
				);
				PRODUCT_BUNDLE_IDENTIFIER = "com.gilangsinawang.Unsplash-The-Kraken";
				PRODUCT_NAME = "$(TARGET_NAME)";
				SWIFT_VERSION = 5.0;
				TARGETED_DEVICE_FAMILY = "1,2";
			};
			name = Release;
		};
		BA184D262570C2240007E8C6 /* Debug */ = {
			isa = XCBuildConfiguration;
			buildSettings = {
				ALWAYS_EMBED_SWIFT_STANDARD_LIBRARIES = YES;
				BUNDLE_LOADER = "$(TEST_HOST)";
				CODE_SIGN_STYLE = Automatic;
				DEVELOPMENT_TEAM = PWC92C5B75;
				INFOPLIST_FILE = "Unsplash The KrakenTests/Info.plist";
				IPHONEOS_DEPLOYMENT_TARGET = 14.2;
				LD_RUNPATH_SEARCH_PATHS = (
					"$(inherited)",
					"@executable_path/Frameworks",
					"@loader_path/Frameworks",
				);
				PRODUCT_BUNDLE_IDENTIFIER = "com.gilangsinawang.Unsplash-The-KrakenTests";
				PRODUCT_NAME = "$(TARGET_NAME)";
				SWIFT_VERSION = 5.0;
				TARGETED_DEVICE_FAMILY = "1,2";
				TEST_HOST = "$(BUILT_PRODUCTS_DIR)/Unsplash The Kraken.app/Unsplash The Kraken";
			};
			name = Debug;
		};
		BA184D272570C2240007E8C6 /* Release */ = {
			isa = XCBuildConfiguration;
			buildSettings = {
				ALWAYS_EMBED_SWIFT_STANDARD_LIBRARIES = YES;
				BUNDLE_LOADER = "$(TEST_HOST)";
				CODE_SIGN_STYLE = Automatic;
				DEVELOPMENT_TEAM = PWC92C5B75;
				INFOPLIST_FILE = "Unsplash The KrakenTests/Info.plist";
				IPHONEOS_DEPLOYMENT_TARGET = 14.2;
				LD_RUNPATH_SEARCH_PATHS = (
					"$(inherited)",
					"@executable_path/Frameworks",
					"@loader_path/Frameworks",
				);
				PRODUCT_BUNDLE_IDENTIFIER = "com.gilangsinawang.Unsplash-The-KrakenTests";
				PRODUCT_NAME = "$(TARGET_NAME)";
				SWIFT_VERSION = 5.0;
				TARGETED_DEVICE_FAMILY = "1,2";
				TEST_HOST = "$(BUILT_PRODUCTS_DIR)/Unsplash The Kraken.app/Unsplash The Kraken";
			};
			name = Release;
		};
		BA184D292570C2240007E8C6 /* Debug */ = {
			isa = XCBuildConfiguration;
			buildSettings = {
				ALWAYS_EMBED_SWIFT_STANDARD_LIBRARIES = YES;
				CODE_SIGN_STYLE = Automatic;
				DEVELOPMENT_TEAM = PWC92C5B75;
				INFOPLIST_FILE = "Unsplash The KrakenUITests/Info.plist";
				LD_RUNPATH_SEARCH_PATHS = (
					"$(inherited)",
					"@executable_path/Frameworks",
					"@loader_path/Frameworks",
				);
				PRODUCT_BUNDLE_IDENTIFIER = "com.gilangsinawang.Unsplash-The-KrakenUITests";
				PRODUCT_NAME = "$(TARGET_NAME)";
				SWIFT_VERSION = 5.0;
				TARGETED_DEVICE_FAMILY = "1,2";
				TEST_TARGET_NAME = "Unsplash The Kraken";
			};
			name = Debug;
		};
		BA184D2A2570C2240007E8C6 /* Release */ = {
			isa = XCBuildConfiguration;
			buildSettings = {
				ALWAYS_EMBED_SWIFT_STANDARD_LIBRARIES = YES;
				CODE_SIGN_STYLE = Automatic;
				DEVELOPMENT_TEAM = PWC92C5B75;
				INFOPLIST_FILE = "Unsplash The KrakenUITests/Info.plist";
				LD_RUNPATH_SEARCH_PATHS = (
					"$(inherited)",
					"@executable_path/Frameworks",
					"@loader_path/Frameworks",
				);
				PRODUCT_BUNDLE_IDENTIFIER = "com.gilangsinawang.Unsplash-The-KrakenUITests";
				PRODUCT_NAME = "$(TARGET_NAME)";
				SWIFT_VERSION = 5.0;
				TARGETED_DEVICE_FAMILY = "1,2";
				TEST_TARGET_NAME = "Unsplash The Kraken";
			};
			name = Release;
		};
/* End XCBuildConfiguration section */

/* Begin XCConfigurationList section */
		BA184CF32570C2230007E8C6 /* Build configuration list for PBXProject "Unsplash The Kraken" */ = {
			isa = XCConfigurationList;
			buildConfigurations = (
				BA184D202570C2240007E8C6 /* Debug */,
				BA184D212570C2240007E8C6 /* Release */,
			);
			defaultConfigurationIsVisible = 0;
			defaultConfigurationName = Release;
		};
		BA184D222570C2240007E8C6 /* Build configuration list for PBXNativeTarget "Unsplash The Kraken" */ = {
			isa = XCConfigurationList;
			buildConfigurations = (
				BA184D232570C2240007E8C6 /* Debug */,
				BA184D242570C2240007E8C6 /* Release */,
			);
			defaultConfigurationIsVisible = 0;
			defaultConfigurationName = Release;
		};
		BA184D252570C2240007E8C6 /* Build configuration list for PBXNativeTarget "Unsplash The KrakenTests" */ = {
			isa = XCConfigurationList;
			buildConfigurations = (
				BA184D262570C2240007E8C6 /* Debug */,
				BA184D272570C2240007E8C6 /* Release */,
			);
			defaultConfigurationIsVisible = 0;
			defaultConfigurationName = Release;
		};
		BA184D282570C2240007E8C6 /* Build configuration list for PBXNativeTarget "Unsplash The KrakenUITests" */ = {
			isa = XCConfigurationList;
			buildConfigurations = (
				BA184D292570C2240007E8C6 /* Debug */,
				BA184D2A2570C2240007E8C6 /* Release */,
			);
			defaultConfigurationIsVisible = 0;
			defaultConfigurationName = Release;
		};
/* End XCConfigurationList section */
	};
	rootObject = BA184CF02570C2230007E8C6 /* Project object */;
}
